
Microsoft Visual Studio Solution File, Format Version 12.00
# Visual Studio Version 17
VisualStudioVersion = 17.14.36705.20 d17.14
MinimumVisualStudioVersion = 10.0.40219.1
Project("{FAE04EC0-301F-11D3-BF4B-00C04F79EFBC}") = "METHODS2", "METHODS2.csproj", "{08BE5070-0019-4C72-B58E-01978E1F554D}"
EndProject
Global
	GlobalSection(SolutionConfigurationPlatforms) = preSolution
		Debug|Any CPU = Debug|Any CPU
		Release|Any CPU = Release|Any CPU
	EndGlobalSection
	GlobalSection(ProjectConfigurationPlatforms) = postSolution
		{08BE5070-0019-4C72-B58E-01978E1F554D}.Debug|Any CPU.ActiveCfg = Debug|Any CPU
		{08BE5070-0019-4C72-B58E-01978E1F554D}.Debug|Any CPU.Build.0 = Debug|Any CPU
		{08BE5070-0019-4C72-B58E-01978E1F554D}.Release|Any CPU.ActiveCfg = Release|Any CPU
		{08BE5070-0019-4C72-B58E-01978E1F554D}.Release|Any CPU.Build.0 = Release|Any CPU
	EndGlobalSection
	GlobalSection(SolutionProperties) = preSolution
		HideSolutionNode = FALSE
	EndGlobalSection
	GlobalSection(ExtensibilityGlobals) = postSolution
		SolutionGuid = {FDA510E7-F3D4-4EE9-B105-0E68CEBF546F}
	EndGlobalSection
EndGlobal
